{
  "name": "zed-markdoc-extension",
  "lockfileVersion": 3,
  "requires": true,
  "packages": {
    "": {
      "dependencies": {
        "@markdoc/language-server": "0.0.13"
      }
    },
    "node_modules/@markdoc/language-server": {
      "version": "0.0.13",
      "resolved": "https://registry.npmjs.org/@markdoc/language-server/-/language-server-0.0.13.tgz",
      "integrity": "sha512-HZS6mP/bakhLygdBzfftpj9D3ugd2ECi1UajrWevKwN9SMdCMmq4k+JxsdWU8HRJAYXIauQbpxKJRFKuOxOqmg==",
      "license": "MIT"
    }
  }
}
